
Microsoft Visual Studio Solution File, Format Version 12.00
Project("{FAE04EC0-301F-11D3-BF4B-00C04F79EFBC}") = "tpmodul8_21104009", "tpmodul8_21104009.csproj", "{3B0C74FD-7983-4CE7-9692-DCD1FFF63E30}"
EndProject
Global
	GlobalSection(SolutionConfigurationPlatforms) = preSolution
		Debug|Any CPU = Debug|Any CPU
		Release|Any CPU = Release|Any CPU
	EndGlobalSection
	GlobalSection(ProjectConfigurationPlatforms) = postSolution
		{3B0C74FD-7983-4CE7-9692-DCD1FFF63E30}.Debug|Any CPU.ActiveCfg = Debug|Any CPU
		{3B0C74FD-7983-4CE7-9692-DCD1FFF63E30}.Debug|Any CPU.Build.0 = Debug|Any CPU
		{3B0C74FD-7983-4CE7-9692-DCD1FFF63E30}.Release|Any CPU.ActiveCfg = Release|Any CPU
		{3B0C74FD-7983-4CE7-9692-DCD1FFF63E30}.Release|Any CPU.Build.0 = Release|Any CPU
	EndGlobalSection
EndGlobal
